// !$*UTF8*$!
{
	archiveVersion = 1;
	classes = {
	};
	objectVersion = 48;
	objects = {

/* Begin PBXBuildFile section */
		2B278C431F87979F008C54B0 /* AppDelegate.swift in Sources */ = {isa = PBXBuildFile; fileRef = 2B278C421F87979F008C54B0 /* AppDelegate.swift */; };
		2B278C451F87979F008C54B0 /* ViewController.swift in Sources */ = {isa = PBXBuildFile; fileRef = 2B278C441F87979F008C54B0 /* ViewController.swift */; };
		2B278C481F87979F008C54B0 /* Main.storyboard in Resources */ = {isa = PBXBuildFile; fileRef = 2B278C461F87979F008C54B0 /* Main.storyboard */; };
		2B278C4A1F87979F008C54B0 /* Assets.xcassets in Resources */ = {isa = PBXBuildFile; fileRef = 2B278C491F87979F008C54B0 /* Assets.xcassets */; };
		2B278C4D1F87979F008C54B0 /* LaunchScreen.storyboard in Resources */ = {isa = PBXBuildFile; fileRef = 2B278C4B1F87979F008C54B0 /* LaunchScreen.storyboard */; };
		B69980D71F88B5F1002A827B /* PerformenceTester.swift in Sources */ = {isa = PBXBuildFile; fileRef = B69980D61F88B5F1002A827B /* PerformenceTester.swift */; };
/* End PBXBuildFile section */

/* Begin PBXFileReference section */
		2B278C3F1F87979F008C54B0 /* CollectionFunctionPerformance.app */ = {isa = PBXFileReference; explicitFileType = wrapper.application; includeInIndex = 0; path = CollectionFunctionPerformance.app; sourceTree = BUILT_PRODUCTS_DIR; };
		2B278C421F87979F008C54B0 /* AppDelegate.swift */ = {isa = PBXFileReference; lastKnownFileType = sourcecode.swift; path = AppDelegate.swift; sourceTree = "<group>"; };
		2B278C441F87979F008C54B0 /* ViewController.swift */ = {isa = PBXFileReference; lastKnownFileType = sourcecode.swift; path = ViewController.swift; sourceTree = "<group>"; };
		2B278C471F87979F008C54B0 /* Base */ = {isa = PBXFileReference; lastKnownFileType = file.storyboard; name = Base; path = Base.lproj/Main.storyboard; sourceTree = "<group>"; };
		2B278C491F87979F008C54B0 /* Assets.xcassets */ = {isa = PBXFileReference; lastKnownFileType = folder.assetcatalog; path = Assets.xcassets; sourceTree = "<group>"; };
		2B278C4C1F87979F008C54B0 /* Base */ = {isa = PBXFileReference; lastKnownFileType = file.storyboard; name = Base; path = Base.lproj/LaunchScreen.storyboard; sourceTree = "<group>"; };
		2B278C4E1F87979F008C54B0 /* Info.plist */ = {isa = PBXFileReference; lastKnownFileType = text.plist.xml; path = Info.plist; sourceTree = "<group>"; };
		B69980D61F88B5F1002A827B /* PerformenceTester.swift */ = {isa = PBXFileReference; lastKnownFileType = sourcecode.swift; path = PerformenceTester.swift; sourceTree = "<group>"; };
/* End PBXFileReference section */

/* Begin PBXFrameworksBuildPhase section */
		2B278C3C1F87979F008C54B0 /* Frameworks */ = {
			isa = PBXFrameworksBuildPhase;
			buildActionMask = 2147483647;
			files = (
			);
			runOnlyForDeploymentPostprocessing = 0;
		};
/* End PBXFrameworksBuildPhase section */

/* Begin PBXGroup section */
		2B278C361F87979F008C54B0 = {
			isa = PBXGroup;
			children = (
				2B278C411F87979F008C54B0 /* CollectionFunctionPerformance */,
				2B278C401F87979F008C54B0 /* Products */,
			);
			sourceTree = "<group>";
		};
		2B278C401F87979F008C54B0 /* Products */ = {
			isa = PBXGroup;
			children = (
				2B278C3F1F87979F008C54B0 /* CollectionFunctionPerformance.app */,
			);
			name = Products;
			sourceTree = "<group>";
		};
		2B278C411F87979F008C54B0 /* CollectionFunctionPerformance */ = {
			isa = PBXGroup;
			children = (
				2B278C421F87979F008C54B0 /* AppDelegate.swift */,
				2B278C441F87979F008C54B0 /* ViewController.swift */,
				B69980D61F88B5F1002A827B /* PerformenceTester.swift */,
				2B278C461F87979F008C54B0 /* Main.storyboard */,
				2B278C491F87979F008C54B0 /* Assets.xcassets */,
				2B278C4B1F87979F008C54B0 /* LaunchScreen.storyboard */,
				2B278C4E1F87979F008C54B0 /* Info.plist */,
			);
			path = CollectionFunctionPerformance;
			sourceTree = "<group>";
		};
/* End PBXGroup section */

/* Begin PBXNativeTarget section */
		2B278C3E1F87979F008C54B0 /* CollectionFunctionPerformance */ = {
			isa = PBXNativeTarget;
			buildConfigurationList = 2B278C511F87979F008C54B0 /* Build configuration list for PBXNativeTarget "CollectionFunctionPerformance" */;
			buildPhases = (
				2B278C3B1F87979F008C54B0 /* Sources */,
				2B278C3C1F87979F008C54B0 /* Frameworks */,
				2B278C3D1F87979F008C54B0 /* Resources */,
			);
			buildRules = (
			);
			dependencies = (
			);
			name = CollectionFunctionPerformance;
			productName = CollectionFunctionPerformance;
			productReference = 2B278C3F1F87979F008C54B0 /* CollectionFunctionPerformance.app */;
			productType = "com.apple.product-type.application";
		};
/* End PBXNativeTarget section */

/* Begin PBXProject section */
		2B278C371F87979F008C54B0 /* Project object */ = {
			isa = PBXProject;
			attributes = {
				LastSwiftUpdateCheck = 0900;
				LastUpgradeCheck = 0900;
				ORGANIZATIONNAME = rikusouda;
				TargetAttributes = {
					2B278C3E1F87979F008C54B0 = {
						CreatedOnToolsVersion = 9.0;
						ProvisioningStyle = Automatic;
					};
				};
			};
			buildConfigurationList = 2B278C3A1F87979F008C54B0 /* Build configuration list for PBXProject "CollectionFunctionPerformance" */;
			compatibilityVersion = "Xcode 8.0";
			developmentRegion = en;
			hasScannedForEncodings = 0;
			knownRegions = (
				en,
				Base,
			);
			mainGroup = 2B278C361F87979F008C54B0;
			productRefGroup = 2B278C401F87979F008C54B0 /* Products */;
			projectDirPath = "";
			projectRoot = "";
			targets = (
				2B278C3E1F87979F008C54B0 /* CollectionFunctionPerformance */,
			);
		};
/* End PBXProject section */

/* Begin PBXResourcesBuildPhase section */
		2B278C3D1F87979F008C54B0 /* Resources */ = {
			isa = PBXResourcesBuildPhase;
			buildActionMask = 2147483647;
			files = (
				2B278C4D1F87979F008C54B0 /* LaunchScreen.storyboard in Resources */,
				2B278C4A1F87979F008C54B0 /* Assets.xcassets in Resources */,
				2B278C481F87979F008C54B0 /* Main.storyboard in Resources */,
			);
			runOnlyForDeploymentPostprocessing = 0;
		};
/* End PBXResourcesBuildPhase section */

/* Begin PBXSourcesBuildPhase section */
		2B278C3B1F87979F008C54B0 /* Sources */ = {
			isa = PBXSourcesBuildPhase;
			buildActionMask = 2147483647;
			files = (
				2B278C451F87979F008C54B0 /* ViewController.swift in Sources */,
				B69980D71F88B5F1002A827B /* PerformenceTester.swift in Sources */,
				2B278C431F87979F008C54B0 /* AppDelegate.swift in Sources */,
			);
			runOnlyForDeploymentPostprocessing = 0;
		};
/* End PBXSourcesBuildPhase section */

/* Begin PBXVariantGroup section */
		2B278C461F87979F008C54B0 /* Main.storyboard */ = {
			isa = PBXVariantGroup;
			children = (
				2B278C471F87979F008C54B0 /* Base */,
			);
			name = Main.storyboard;
			sourceTree = "<group>";
		};
		2B278C4B1F87979F008C54B0 /* LaunchScreen.storyboard */ = {
			isa = PBXVariantGroup;
			children = (
				2B278C4C1F87979F008C54B0 /* Base */,
			);
			name = LaunchScreen.storyboard;
			sourceTree = "<group>";
		};
/* End PBXVariantGroup section */

/* Begin XCBuildConfiguration section */
		2B278C4F1F87979F008C54B0 /* Debug */ = {
			isa = XCBuildConfiguration;
			buildSettings = {
				ALWAYS_SEARCH_USER_PATHS = NO;
				CLANG_ANALYZER_NONNULL = YES;
				CLANG_ANALYZER_NUMBER_OBJECT_CONVERSION = YES_AGGRESSIVE;
				CLANG_CXX_LANGUAGE_STANDARD = "gnu++14";
				CLANG_CXX_LIBRARY = "libc++";
				CLANG_ENABLE_MODULES = YES;
				CLANG_ENABLE_OBJC_ARC = YES;
				CLANG_WARN_BLOCK_CAPTURE_AUTORELEASING = YES;
				CLANG_WARN_BOOL_CONVERSION = YES;
				CLANG_WARN_COMMA = YES;
				CLANG_WARN_CONSTANT_CONVERSION = YES;
				CLANG_WARN_DIRECT_OBJC_ISA_USAGE = YES_ERROR;
				CLANG_WARN_DOCUMENTATION_COMMENTS = YES;
				CLANG_WARN_EMPTY_BODY = YES;
				CLANG_WARN_ENUM_CONVERSION = YES;
				CLANG_WARN_INFINITE_RECURSION = YES;
				CLANG_WARN_INT_CONVERSION = YES;
				CLANG_WARN_NON_LITERAL_NULL_CONVERSION = YES;
				CLANG_WARN_OBJC_LITERAL_CONVERSION = YES;
				CLANG_WARN_OBJC_ROOT_CLASS = YES_ERROR;
				CLANG_WARN_RANGE_LOOP_ANALYSIS = YES;
				CLANG_WARN_STRICT_PROTOTYPES = YES;
				CLANG_WARN_SUSPICIOUS_MOVE = YES;
				CLANG_WARN_UNGUARDED_AVAILABILITY = YES_AGGRESSIVE;
				CLANG_WARN_UNREACHABLE_CODE = YES;
				CLANG_WARN__DUPLICATE_METHOD_MATCH = YES;
				CODE_SIGN_IDENTITY = "iPhone Developer";
				COPY_PHASE_STRIP = NO;
				DEBUG_INFORMATION_FORMAT = dwarf;
				ENABLE_STRICT_OBJC_MSGSEND = YES;
				ENABLE_TESTABILITY = YES;
				GCC_C_LANGUAGE_STANDARD = gnu11;
				GCC_DYNAMIC_NO_PIC = NO;
				GCC_NO_COMMON_BLOCKS = YES;
				GCC_OPTIMIZATION_LEVEL = 0;
				GCC_PREPROCESSOR_DEFINITIONS = (
					"DEBUG=1",
					"$(inherited)",
				);
				GCC_WARN_64_TO_32_BIT_CONVERSION = YES;
				GCC_WARN_ABOUT_RETURN_TYPE = YES_ERROR;
				GCC_WARN_UNDECLARED_SELECTOR = YES;
				GCC_WARN_UNINITIALIZED_AUTOS = YES_AGGRESSIVE;
				GCC_WARN_UNUSED_FUNCTION = YES;
				GCC_WARN_UNUSED_VARIABLE = YES;
				IPHONEOS_DEPLOYMENT_TARGET = 11.0;
				MTL_ENABLE_DEBUG_INFO = YES;
				ONLY_ACTIVE_ARCH = YES;
				SDKROOT = iphoneos;
				SWIFT_ACTIVE_COMPILATION_CONDITIONS = DEBUG;
				SWIFT_OPTIMIZATION_LEVEL = "-Onone";
			};
			name = Debug;
		};
		2B278C501F87979F008C54B0 /* Release */ = {
			isa = XCBuildConfiguration;
			buildSettings = {
				ALWAYS_SEARCH_USER_PATHS = NO;
				CLANG_ANALYZER_NONNULL = YES;
				CLANG_ANALYZER_NUMBER_OBJECT_CONVERSION = YES_AGGRESSIVE;
				CLANG_CXX_LANGUAGE_STANDARD = "gnu++14";
				CLANG_CXX_LIBRARY = "libc++";
				CLANG_ENABLE_MODULES = YES;
				CLANG_ENABLE_OBJC_ARC = YES;
				CLANG_WARN_BLOCK_CAPTURE_AUTORELEASING = YES;
				CLANG_WARN_BOOL_CONVERSION = YES;
				CLANG_WARN_COMMA = YES;
				CLANG_WARN_CONSTANT_CONVERSION = YES;
				CLANG_WARN_DIRECT_OBJC_ISA_USAGE = YES_ERROR;
				CLANG_WARN_DOCUMENTATION_COMMENTS = YES;
				CLANG_WARN_EMPTY_BODY = YES;
				CLANG_WARN_ENUM_CONVERSION = YES;
				CLANG_WARN_INFINITE_RECURSION = YES;
				CLANG_WARN_INT_CONVERSION = YES;
				CLANG_WARN_NON_LITERAL_NULL_CONVERSION = YES;
				CLANG_WARN_OBJC_LITERAL_CONVERSION = YES;
				CLANG_WARN_OBJC_ROOT_CLASS = YES_ERROR;
				CLANG_WARN_RANGE_LOOP_ANALYSIS = YES;
				CLANG_WARN_STRICT_PROTOTYPES = YES;
				CLANG_WARN_SUSPICIOUS_MOVE = YES;
				CLANG_WARN_UNGUARDED_AVAILABILITY = YES_AGGRESSIVE;
				CLANG_WARN_UNREACHABLE_CODE = YES;
				CLANG_WARN__DUPLICATE_METHOD_MATCH = YES;
				CODE_SIGN_IDENTITY = "iPhone Developer";
				COPY_PHASE_STRIP = NO;
				DEBUG_INFORMATION_FORMAT = "dwarf-with-dsym";
				ENABLE_NS_ASSERTIONS = NO;
				ENABLE_STRICT_OBJC_MSGSEND = YES;
				GCC_C_LANGUAGE_STANDARD = gnu11;
				GCC_NO_COMMON_BLOCKS = YES;
				GCC_WARN_64_TO_32_BIT_CONVERSION = YES;
				GCC_WARN_ABOUT_RETURN_TYPE = YES_ERROR;
				GCC_WARN_UNDECLARED_SELECTOR = YES;
				GCC_WARN_UNINITIALIZED_AUTOS = YES_AGGRESSIVE;
				GCC_WARN_UNUSED_FUNCTION = YES;
				GCC_WARN_UNUSED_VARIABLE = YES;
				IPHONEOS_DEPLOYMENT_TARGET = 11.0;
				MTL_ENABLE_DEBUG_INFO = NO;
				SDKROOT = iphoneos;
				SWIFT_OPTIMIZATION_LEVEL = "-Owholemodule";
				VALIDATE_PRODUCT = YES;
			};
			name = Release;
		};
		2B278C521F87979F008C54B0 /* Debug */ = {
			isa = XCBuildConfiguration;
			buildSettings = {
				ASSETCATALOG_COMPILER_APPICON_NAME = AppIcon;
				"CODE_SIGN_IDENTITY[sdk=iphoneos*]" = "iPhone Developer";
				CODE_SIGN_STYLE = Automatic;
				DEVELOPMENT_TEAM = "";
				INFOPLIST_FILE = CollectionFunctionPerformance/Info.plist;
				IPHONEOS_DEPLOYMENT_TARGET = 10.0;
				LD_RUNPATH_SEARCH_PATHS = "$(inherited) @executable_path/Frameworks";
				PRODUCT_BUNDLE_IDENTIFIER = com.rikusouda.CollectionFunctionPerformance;
				PRODUCT_NAME = "$(TARGET_NAME)";
				PROVISIONING_PROFILE = "";
				PROVISIONING_PROFILE_SPECIFIER = "";
				SWIFT_VERSION = 4.0;
				TARGETED_DEVICE_FAMILY = "1,2";
			};
			name = Debug;
		};
		2B278C531F87979F008C54B0 /* Release */ = {
			isa = XCBuildConfiguration;
			buildSettings = {
				ASSETCATALOG_COMPILER_APPICON_NAME = AppIcon;
				"CODE_SIGN_IDENTITY[sdk=iphoneos*]" = "iPhone Developer";
				CODE_SIGN_STYLE = Automatic;
				DEVELOPMENT_TEAM = "";
				INFOPLIST_FILE = CollectionFunctionPerformance/Info.plist;
				IPHONEOS_DEPLOYMENT_TARGET = 10.0;
				LD_RUNPATH_SEARCH_PATHS = "$(inherited) @executable_path/Frameworks";
				PRODUCT_BUNDLE_IDENTIFIER = com.rikusouda.CollectionFunctionPerformance;
				PRODUCT_NAME = "$(TARGET_NAME)";
				PROVISIONING_PROFILE = "";
				PROVISIONING_PROFILE_SPECIFIER = "";
				SWIFT_VERSION = 4.0;
				TARGETED_DEVICE_FAMILY = "1,2";
			};
			name = Release;
		};
/* End XCBuildConfiguration section */

/* Begin XCConfigurationList section */
		2B278C3A1F87979F008C54B0 /* Build configuration list for PBXProject "CollectionFunctionPerformance" */ = {
			isa = XCConfigurationList;
			buildConfigurations = (
				2B278C4F1F87979F008C54B0 /* Debug */,
				2B278C501F87979F008C54B0 /* Release */,
			);
			defaultConfigurationIsVisible = 0;
			defaultConfigurationName = Release;
		};
		2B278C511F87979F008C54B0 /* Build configuration list for PBXNativeTarget "CollectionFunctionPerformance" */ = {
			isa = XCConfigurationList;
			buildConfigurations = (
				2B278C521F87979F008C54B0 /* Debug */,
				2B278C531F87979F008C54B0 /* Release */,
			);
			defaultConfigurationIsVisible = 0;
			defaultConfigurationName = Release;
		};
/* End XCConfigurationList section */
	};
	rootObject = 2B278C371F87979F008C54B0 /* Project object */;
}
